
Microsoft Visual Studio Solution File, Format Version 12.00
Project("{FAE04EC0-301F-11D3-BF4B-00C04F79EFBC}") = "CustomLinkedList", "CustomLinkedList\CustomLinkedList.csproj", "{7985F4D7-5F04-4D75-9939-A1713D4A8E47}"
EndProject
Project("{FAE04EC0-301F-11D3-BF4B-00C04F79EFBC}") = "CustomBinaryTree", "CustomBinaryTree\CustomBinaryTree.csproj", "{70188ED2-3D08-4C9B-9DC1-158C343F6C47}"
EndProject
Project("{FAE04EC0-301F-11D3-BF4B-00C04F79EFBC}") = "InsertionSort", "InsertionSort\InsertionSort.csproj", "{0D89D6BA-63E8-402F-87C6-55B4D88A0B12}"
EndProject
Global
	GlobalSection(SolutionConfigurationPlatforms) = preSolution
		Debug|Any CPU = Debug|Any CPU
		Release|Any CPU = Release|Any CPU
	EndGlobalSection
	GlobalSection(ProjectConfigurationPlatforms) = postSolution
		{7985F4D7-5F04-4D75-9939-A1713D4A8E47}.Debug|Any CPU.ActiveCfg = Debug|Any CPU
		{7985F4D7-5F04-4D75-9939-A1713D4A8E47}.Debug|Any CPU.Build.0 = Debug|Any CPU
		{7985F4D7-5F04-4D75-9939-A1713D4A8E47}.Release|Any CPU.ActiveCfg = Release|Any CPU
		{7985F4D7-5F04-4D75-9939-A1713D4A8E47}.Release|Any CPU.Build.0 = Release|Any CPU
		{70188ED2-3D08-4C9B-9DC1-158C343F6C47}.Debug|Any CPU.ActiveCfg = Debug|Any CPU
		{70188ED2-3D08-4C9B-9DC1-158C343F6C47}.Debug|Any CPU.Build.0 = Debug|Any CPU
		{70188ED2-3D08-4C9B-9DC1-158C343F6C47}.Release|Any CPU.ActiveCfg = Release|Any CPU
		{70188ED2-3D08-4C9B-9DC1-158C343F6C47}.Release|Any CPU.Build.0 = Release|Any CPU
		{0D89D6BA-63E8-402F-87C6-55B4D88A0B12}.Debug|Any CPU.ActiveCfg = Debug|Any CPU
		{0D89D6BA-63E8-402F-87C6-55B4D88A0B12}.Debug|Any CPU.Build.0 = Debug|Any CPU
		{0D89D6BA-63E8-402F-87C6-55B4D88A0B12}.Release|Any CPU.ActiveCfg = Release|Any CPU
		{0D89D6BA-63E8-402F-87C6-55B4D88A0B12}.Release|Any CPU.Build.0 = Release|Any CPU
	EndGlobalSection
EndGlobal
